// !$*UTF8*$!
{
	archiveVersion = 1;
	classes = {
	};
	objectVersion = 46;
	objects = {

/* Begin PBXBuildFile section */
		42848E5B171D537F00921D35 /* UIKit.framework in Frameworks */ = {isa = PBXBuildFile; fileRef = 42848E5A171D537F00921D35 /* UIKit.framework */; };
		42848E5D171D537F00921D35 /* Foundation.framework in Frameworks */ = {isa = PBXBuildFile; fileRef = 42848E5C171D537F00921D35 /* Foundation.framework */; };
		42848E5F171D537F00921D35 /* CoreGraphics.framework in Frameworks */ = {isa = PBXBuildFile; fileRef = 42848E5E171D537F00921D35 /* CoreGraphics.framework */; };
		42848E65171D537F00921D35 /* InfoPlist.strings in Resources */ = {isa = PBXBuildFile; fileRef = 42848E63171D537F00921D35 /* InfoPlist.strings */; };
		42848E67171D537F00921D35 /* main.m in Sources */ = {isa = PBXBuildFile; fileRef = 42848E66171D537F00921D35 /* main.m */; };
		42848E6B171D537F00921D35 /* isAppDelegate.m in Sources */ = {isa = PBXBuildFile; fileRef = 42848E6A171D537F00921D35 /* isAppDelegate.m */; };
		42848E6D171D537F00921D35 /* Default.png in Resources */ = {isa = PBXBuildFile; fileRef = 42848E6C171D537F00921D35 /* Default.png */; };
		42848E6F171D537F00921D35 /* Default@2x.png in Resources */ = {isa = PBXBuildFile; fileRef = 42848E6E171D537F00921D35 /* Default@2x.png */; };
		42848E71171D537F00921D35 /* Default-568h@2x.png in Resources */ = {isa = PBXBuildFile; fileRef = 42848E70171D537F00921D35 /* Default-568h@2x.png */; };
		42848E74171D537F00921D35 /* isViewController.m in Sources */ = {isa = PBXBuildFile; fileRef = 42848E73171D537F00921D35 /* isViewController.m */; };
		42848E77171D537F00921D35 /* isViewController.xib in Resources */ = {isa = PBXBuildFile; fileRef = 42848E75171D537F00921D35 /* isViewController.xib */; };
/* End PBXBuildFile section */

/* Begin PBXFileReference section */
		42848E57171D537F00921D35 /* IntoSpace.app */ = {isa = PBXFileReference; explicitFileType = wrapper.application; includeInIndex = 0; path = IntoSpace.app; sourceTree = BUILT_PRODUCTS_DIR; };
		42848E5A171D537F00921D35 /* UIKit.framework */ = {isa = PBXFileReference; lastKnownFileType = wrapper.framework; name = UIKit.framework; path = System/Library/Frameworks/UIKit.framework; sourceTree = SDKROOT; };
		42848E5C171D537F00921D35 /* Foundation.framework */ = {isa = PBXFileReference; lastKnownFileType = wrapper.framework; name = Foundation.framework; path = System/Library/Frameworks/Foundation.framework; sourceTree = SDKROOT; };
		42848E5E171D537F00921D35 /* CoreGraphics.framework */ = {isa = PBXFileReference; lastKnownFileType = wrapper.framework; name = CoreGraphics.framework; path = System/Library/Frameworks/CoreGraphics.framework; sourceTree = SDKROOT; };
		42848E62171D537F00921D35 /* IntoSpace-Info.plist */ = {isa = PBXFileReference; lastKnownFileType = text.plist.xml; path = "IntoSpace-Info.plist"; sourceTree = "<group>"; };
		42848E64171D537F00921D35 /* en */ = {isa = PBXFileReference; lastKnownFileType = text.plist.strings; name = en; path = en.lproj/InfoPlist.strings; sourceTree = "<group>"; };
		42848E66171D537F00921D35 /* main.m */ = {isa = PBXFileReference; lastKnownFileType = sourcecode.c.objc; path = main.m; sourceTree = "<group>"; };
		42848E68171D537F00921D35 /* IntoSpace-Prefix.pch */ = {isa = PBXFileReference; lastKnownFileType = sourcecode.c.h; path = "IntoSpace-Prefix.pch"; sourceTree = "<group>"; };
		42848E69171D537F00921D35 /* isAppDelegate.h */ = {isa = PBXFileReference; lastKnownFileType = sourcecode.c.h; path = isAppDelegate.h; sourceTree = "<group>"; };
		42848E6A171D537F00921D35 /* isAppDelegate.m */ = {isa = PBXFileReference; lastKnownFileType = sourcecode.c.objc; path = isAppDelegate.m; sourceTree = "<group>"; };
		42848E6C171D537F00921D35 /* Default.png */ = {isa = PBXFileReference; lastKnownFileType = image.png; path = Default.png; sourceTree = "<group>"; };
		42848E6E171D537F00921D35 /* Default@2x.png */ = {isa = PBXFileReference; lastKnownFileType = image.png; path = "Default@2x.png"; sourceTree = "<group>"; };
		42848E70171D537F00921D35 /* Default-568h@2x.png */ = {isa = PBXFileReference; lastKnownFileType = image.png; path = "Default-568h@2x.png"; sourceTree = "<group>"; };
		42848E72171D537F00921D35 /* isViewController.h */ = {isa = PBXFileReference; lastKnownFileType = sourcecode.c.h; path = isViewController.h; sourceTree = "<group>"; };
		42848E73171D537F00921D35 /* isViewController.m */ = {isa = PBXFileReference; lastKnownFileType = sourcecode.c.objc; path = isViewController.m; sourceTree = "<group>"; };
		42848E76171D537F00921D35 /* en */ = {isa = PBXFileReference; lastKnownFileType = file.xib; name = en; path = en.lproj/isViewController.xib; sourceTree = "<group>"; };
/* End PBXFileReference section */

/* Begin PBXFrameworksBuildPhase section */
		42848E54171D537F00921D35 /* Frameworks */ = {
			isa = PBXFrameworksBuildPhase;
			buildActionMask = 2147483647;
			files = (
				42848E5B171D537F00921D35 /* UIKit.framework in Frameworks */,
				42848E5D171D537F00921D35 /* Foundation.framework in Frameworks */,
				42848E5F171D537F00921D35 /* CoreGraphics.framework in Frameworks */,
			);
			runOnlyForDeploymentPostprocessing = 0;
		};
/* End PBXFrameworksBuildPhase section */

/* Begin PBXGroup section */
		42848E4E171D537F00921D35 = {
			isa = PBXGroup;
			children = (
				42848E60171D537F00921D35 /* IntoSpace */,
				42848E59171D537F00921D35 /* Frameworks */,
				42848E58171D537F00921D35 /* Products */,
			);
			sourceTree = "<group>";
		};
		42848E58171D537F00921D35 /* Products */ = {
			isa = PBXGroup;
			children = (
				42848E57171D537F00921D35 /* IntoSpace.app */,
			);
			name = Products;
			sourceTree = "<group>";
		};
		42848E59171D537F00921D35 /* Frameworks */ = {
			isa = PBXGroup;
			children = (
				42848E5A171D537F00921D35 /* UIKit.framework */,
				42848E5C171D537F00921D35 /* Foundation.framework */,
				42848E5E171D537F00921D35 /* CoreGraphics.framework */,
			);
			name = Frameworks;
			sourceTree = "<group>";
		};
		42848E60171D537F00921D35 /* IntoSpace */ = {
			isa = PBXGroup;
			children = (
				42848E69171D537F00921D35 /* isAppDelegate.h */,
				42848E6A171D537F00921D35 /* isAppDelegate.m */,
				42848E72171D537F00921D35 /* isViewController.h */,
				42848E73171D537F00921D35 /* isViewController.m */,
				42848E75171D537F00921D35 /* isViewController.xib */,
				42848E61171D537F00921D35 /* Supporting Files */,
			);
			path = IntoSpace;
			sourceTree = "<group>";
		};
		42848E61171D537F00921D35 /* Supporting Files */ = {
			isa = PBXGroup;
			children = (
				42848E62171D537F00921D35 /* IntoSpace-Info.plist */,
				42848E63171D537F00921D35 /* InfoPlist.strings */,
				42848E66171D537F00921D35 /* main.m */,
				42848E68171D537F00921D35 /* IntoSpace-Prefix.pch */,
				42848E6C171D537F00921D35 /* Default.png */,
				42848E6E171D537F00921D35 /* Default@2x.png */,
				42848E70171D537F00921D35 /* Default-568h@2x.png */,
			);
			name = "Supporting Files";
			sourceTree = "<group>";
		};
/* End PBXGroup section */

/* Begin PBXNativeTarget section */
		42848E56171D537F00921D35 /* IntoSpace */ = {
			isa = PBXNativeTarget;
			buildConfigurationList = 42848E7A171D537F00921D35 /* Build configuration list for PBXNativeTarget "IntoSpace" */;
			buildPhases = (
				42848E53171D537F00921D35 /* Sources */,
				42848E54171D537F00921D35 /* Frameworks */,
				42848E55171D537F00921D35 /* Resources */,
			);
			buildRules = (
			);
			dependencies = (
			);
			name = IntoSpace;
			productName = IntoSpace;
			productReference = 42848E57171D537F00921D35 /* IntoSpace.app */;
			productType = "com.apple.product-type.application";
		};
/* End PBXNativeTarget section */

/* Begin PBXProject section */
		42848E4F171D537F00921D35 /* Project object */ = {
			isa = PBXProject;
			attributes = {
				CLASSPREFIX = is;
				LastUpgradeCheck = 0460;
				ORGANIZATIONNAME = Matthias;
			};
			buildConfigurationList = 42848E52171D537F00921D35 /* Build configuration list for PBXProject "IntoSpace" */;
			compatibilityVersion = "Xcode 3.2";
			developmentRegion = English;
			hasScannedForEncodings = 0;
			knownRegions = (
				en,
			);
			mainGroup = 42848E4E171D537F00921D35;
			productRefGroup = 42848E58171D537F00921D35 /* Products */;
			projectDirPath = "";
			projectRoot = "";
			targets = (
				42848E56171D537F00921D35 /* IntoSpace */,
			);
		};
/* End PBXProject section */

/* Begin PBXResourcesBuildPhase section */
		42848E55171D537F00921D35 /* Resources */ = {
			isa = PBXResourcesBuildPhase;
			buildActionMask = 2147483647;
			files = (
				42848E65171D537F00921D35 /* InfoPlist.strings in Resources */,
				42848E6D171D537F00921D35 /* Default.png in Resources */,
				42848E6F171D537F00921D35 /* Default@2x.png in Resources */,
				42848E71171D537F00921D35 /* Default-568h@2x.png in Resources */,
				42848E77171D537F00921D35 /* isViewController.xib in Resources */,
			);
			runOnlyForDeploymentPostprocessing = 0;
		};
/* End PBXResourcesBuildPhase section */

/* Begin PBXSourcesBuildPhase section */
		42848E53171D537F00921D35 /* Sources */ = {
			isa = PBXSourcesBuildPhase;
			buildActionMask = 2147483647;
			files = (
				42848E67171D537F00921D35 /* main.m in Sources */,
				42848E6B171D537F00921D35 /* isAppDelegate.m in Sources */,
				42848E74171D537F00921D35 /* isViewController.m in Sources */,
			);
			runOnlyForDeploymentPostprocessing = 0;
		};
/* End PBXSourcesBuildPhase section */

/* Begin PBXVariantGroup section */
		42848E63171D537F00921D35 /* InfoPlist.strings */ = {
			isa = PBXVariantGroup;
			children = (
				42848E64171D537F00921D35 /* en */,
			);
			name = InfoPlist.strings;
			sourceTree = "<group>";
		};
		42848E75171D537F00921D35 /* isViewController.xib */ = {
			isa = PBXVariantGroup;
			children = (
				42848E76171D537F00921D35 /* en */,
			);
			name = isViewController.xib;
			sourceTree = "<group>";
		};
/* End PBXVariantGroup section */

/* Begin XCBuildConfiguration section */
		42848E78171D537F00921D35 /* Debug */ = {
			isa = XCBuildConfiguration;
			buildSettings = {
				ALWAYS_SEARCH_USER_PATHS = NO;
				CLANG_CXX_LANGUAGE_STANDARD = "gnu++0x";
				CLANG_CXX_LIBRARY = "libc++";
				CLANG_WARN_CONSTANT_CONVERSION = YES;
				CLANG_WARN_EMPTY_BODY = YES;
				CLANG_WARN_ENUM_CONVERSION = YES;
				CLANG_WARN_INT_CONVERSION = YES;
				CLANG_WARN__DUPLICATE_METHOD_MATCH = YES;
				"CODE_SIGN_IDENTITY[sdk=iphoneos*]" = "iPhone Developer";
				COPY_PHASE_STRIP = NO;
				GCC_C_LANGUAGE_STANDARD = gnu99;
				GCC_DYNAMIC_NO_PIC = NO;
				GCC_OPTIMIZATION_LEVEL = 0;
				GCC_PREPROCESSOR_DEFINITIONS = (
					"DEBUG=1",
					"$(inherited)",
				);
				GCC_SYMBOLS_PRIVATE_EXTERN = NO;
				GCC_WARN_ABOUT_RETURN_TYPE = YES;
				GCC_WARN_UNINITIALIZED_AUTOS = YES;
				GCC_WARN_UNUSED_VARIABLE = YES;
				IPHONEOS_DEPLOYMENT_TARGET = 6.1;
				ONLY_ACTIVE_ARCH = YES;
				SDKROOT = iphoneos;
				TARGETED_DEVICE_FAMILY = 2;
			};
			name = Debug;
		};
		42848E79171D537F00921D35 /* Release */ = {
			isa = XCBuildConfiguration;
			buildSettings = {
				ALWAYS_SEARCH_USER_PATHS = NO;
				CLANG_CXX_LANGUAGE_STANDARD = "gnu++0x";
				CLANG_CXX_LIBRARY = "libc++";
				CLANG_WARN_CONSTANT_CONVERSION = YES;
				CLANG_WARN_EMPTY_BODY = YES;
				CLANG_WARN_ENUM_CONVERSION = YES;
				CLANG_WARN_INT_CONVERSION = YES;
				CLANG_WARN__DUPLICATE_METHOD_MATCH = YES;
				"CODE_SIGN_IDENTITY[sdk=iphoneos*]" = "iPhone Developer";
				COPY_PHASE_STRIP = YES;
				GCC_C_LANGUAGE_STANDARD = gnu99;
				GCC_WARN_ABOUT_RETURN_TYPE = YES;
				GCC_WARN_UNINITIALIZED_AUTOS = YES;
				GCC_WARN_UNUSED_VARIABLE = YES;
				IPHONEOS_DEPLOYMENT_TARGET = 6.1;
				OTHER_CFLAGS = "-DNS_BLOCK_ASSERTIONS=1";
				SDKROOT = iphoneos;
				TARGETED_DEVICE_FAMILY = 2;
				VALIDATE_PRODUCT = YES;
			};
			name = Release;
		};
		42848E7B171D537F00921D35 /* Debug */ = {
			isa = XCBuildConfiguration;
			buildSettings = {
				GCC_PRECOMPILE_PREFIX_HEADER = YES;
				GCC_PREFIX_HEADER = "IntoSpace/IntoSpace-Prefix.pch";
				INFOPLIST_FILE = "IntoSpace/IntoSpace-Info.plist";
				PRODUCT_NAME = "$(TARGET_NAME)";
				WRAPPER_EXTENSION = app;
			};
			name = Debug;
		};
		42848E7C171D537F00921D35 /* Release */ = {
			isa = XCBuildConfiguration;
			buildSettings = {
				GCC_PRECOMPILE_PREFIX_HEADER = YES;
				GCC_PREFIX_HEADER = "IntoSpace/IntoSpace-Prefix.pch";
				INFOPLIST_FILE = "IntoSpace/IntoSpace-Info.plist";
				PRODUCT_NAME = "$(TARGET_NAME)";
				WRAPPER_EXTENSION = app;
			};
			name = Release;
		};
/* End XCBuildConfiguration section */

/* Begin XCConfigurationList section */
		42848E52171D537F00921D35 /* Build configuration list for PBXProject "IntoSpace" */ = {
			isa = XCConfigurationList;
			buildConfigurations = (
				42848E78171D537F00921D35 /* Debug */,
				42848E79171D537F00921D35 /* Release */,
			);
			defaultConfigurationIsVisible = 0;
			defaultConfigurationName = Release;
		};
		42848E7A171D537F00921D35 /* Build configuration list for PBXNativeTarget "IntoSpace" */ = {
			isa = XCConfigurationList;
			buildConfigurations = (
				42848E7B171D537F00921D35 /* Debug */,
				42848E7C171D537F00921D35 /* Release */,
			);
			defaultConfigurationIsVisible = 0;
		};
/* End XCConfigurationList section */
	};
	rootObject = 42848E4F171D537F00921D35 /* Project object */;
}
